{
  "requires": true,
  "lockfileVersion": 1,
  "dependencies": {
    "layui": {
      "version": "2.6.8",
      "resolved": "https://registry.npmjs.org/layui/-/layui-2.6.8.tgz",
      "integrity": "sha512-JArJoWOU9G2GGsglt3tw1+PUyIBk/ZcX/iE4bsFN1hU9JgJlBtAhHyQhR3YRMuezKpqYaNK5374l18DqGo2Rxw=="
    }
  }
}
